
Microsoft Visual Studio Solution File, Format Version 12.00
# Visual Studio Version 17
VisualStudioVersion = 17.8.34309.116
MinimumVisualStudioVersion = 10.0.40219.1
Project("{FAE04EC0-301F-11D3-BF4B-00C04F79EFBC}") = "ProyectoFinal3", "ProyectoFinal3\ProyectoFinal3.csproj", "{8946B9C5-0B22-4A12-B9A5-DE12822A92FC}"
EndProject
Global
	GlobalSection(SolutionConfigurationPlatforms) = preSolution
		Debug|Any CPU = Debug|Any CPU
		Release|Any CPU = Release|Any CPU
	EndGlobalSection
	GlobalSection(ProjectConfigurationPlatforms) = postSolution
		{8946B9C5-0B22-4A12-B9A5-DE12822A92FC}.Debug|Any CPU.ActiveCfg = Debug|Any CPU
		{8946B9C5-0B22-4A12-B9A5-DE12822A92FC}.Debug|Any CPU.Build.0 = Debug|Any CPU
		{8946B9C5-0B22-4A12-B9A5-DE12822A92FC}.Release|Any CPU.ActiveCfg = Release|Any CPU
		{8946B9C5-0B22-4A12-B9A5-DE12822A92FC}.Release|Any CPU.Build.0 = Release|Any CPU
	EndGlobalSection
	GlobalSection(SolutionProperties) = preSolution
		HideSolutionNode = FALSE
	EndGlobalSection
	GlobalSection(ExtensibilityGlobals) = postSolution
		SolutionGuid = {311D2A7F-F04F-4E76-B48F-0DC2839726B6}
	EndGlobalSection
EndGlobal
